github.com/N3moAhead/bombahead-go v1.1.0 h1:gJQTPUzDMruRec8f0m9qwVIuyGIxVM8C/6tpOzqQpCY=
github.com/N3moAhead/bombahead-go v1.1.0/go.mod h1:MN9+pmbznt2OCk52nJfC7KcgnAumrVRIYf3arHNGKV0=
github.com/N3moAhead/bombahead-go v1.1.1 h1:QEnyy/SBYsmMXL0b4I0KwTxp61wYOb+7UGwOOTL54N0=
github.com/N3moAhead/bombahead-go v1.1.1/go.mod h1:MN9+pmbznt2OCk52nJfC7KcgnAumrVRIYf3arHNGKV0=
github.com/gorilla/websocket v1.5.3 h1:saDtZ6Pbx/0u+bgYQ3q96pZgCzfhKXGPqt7kZ72aNNg=
github.com/gorilla/websocket v1.5.3/go.mod h1:YR8l580nyteQvAITg2hZ9XVh4b55+EU/adAjf1fMHhE=
